
Microsoft Visual Studio Solution File, Format Version 12.00
# Visual Studio 15
VisualStudioVersion = 15.0.26403.3
MinimumVisualStudioVersion = 10.0.40219.1
Project("{FAE04EC0-301F-11D3-BF4B-00C04F79EFBC}") = "Plotter", "Plotter\Plotter.csproj", "{D4FDA6C6-15F7-4B4F-A4A9-F48531EBCBCA}"
EndProject
Project("{FAE04EC0-301F-11D3-BF4B-00C04F79EFBC}") = "Miner", "Miner\Miner.csproj", "{AD1212F4-C7F0-49BF-B1B1-B066370B037F}"
EndProject
Global
	GlobalSection(SolutionConfigurationPlatforms) = preSolution
		Debug|Any CPU = Debug|Any CPU
		Release|Any CPU = Release|Any CPU
	EndGlobalSection
	GlobalSection(ProjectConfigurationPlatforms) = postSolution
		{D4FDA6C6-15F7-4B4F-A4A9-F48531EBCBCA}.Debug|Any CPU.ActiveCfg = Debug|Any CPU
		{D4FDA6C6-15F7-4B4F-A4A9-F48531EBCBCA}.Debug|Any CPU.Build.0 = Debug|Any CPU
		{D4FDA6C6-15F7-4B4F-A4A9-F48531EBCBCA}.Release|Any CPU.ActiveCfg = Release|Any CPU
		{D4FDA6C6-15F7-4B4F-A4A9-F48531EBCBCA}.Release|Any CPU.Build.0 = Release|Any CPU
		{AD1212F4-C7F0-49BF-B1B1-B066370B037F}.Debug|Any CPU.ActiveCfg = Debug|Any CPU
		{AD1212F4-C7F0-49BF-B1B1-B066370B037F}.Debug|Any CPU.Build.0 = Debug|Any CPU
		{AD1212F4-C7F0-49BF-B1B1-B066370B037F}.Release|Any CPU.ActiveCfg = Release|Any CPU
		{AD1212F4-C7F0-49BF-B1B1-B066370B037F}.Release|Any CPU.Build.0 = Release|Any CPU
	EndGlobalSection
	GlobalSection(SolutionProperties) = preSolution
		HideSolutionNode = FALSE
	EndGlobalSection
EndGlobal
